
Microsoft Visual Studio Solution File, Format Version 12.00
# Visual Studio Version 17
VisualStudioVersion = 17.10.35013.160
MinimumVisualStudioVersion = 10.0.40219.1
Project("{9A19103F-16F7-4668-BE54-9A1E7A4F7556}") = "AltenTvMazeApi", "AltenTvMazeApi\AltenTvMazeApi.csproj", "{F848811F-7FAA-4032-A823-52A13252FF25}"
EndProject
Project("{FAE04EC0-301F-11D3-BF4B-00C04F79EFBC}") = "AltenTvMazeRepositories", "AltenTvMazeRepositories\AltenTvMazeRepositories.csproj", "{E79B7D91-C0BA-4A3E-A380-E8BE41301E6F}"
EndProject
Project("{FAE04EC0-301F-11D3-BF4B-00C04F79EFBC}") = "AltenTvMazeModels", "AltenTvMazeModels\AltenTvMazeModels.csproj", "{784DAA5F-BD57-4CAC-99AF-2A9849706280}"
EndProject
Project("{FAE04EC0-301F-11D3-BF4B-00C04F79EFBC}") = "AltenTvMazeServices", "AltenTvMazeServices\AltenTvMazeServices.csproj", "{08F0FAA7-0658-48F4-A6BB-EEFE59383242}"
EndProject
Global
	GlobalSection(SolutionConfigurationPlatforms) = preSolution
		Debug|Any CPU = Debug|Any CPU
		Release|Any CPU = Release|Any CPU
	EndGlobalSection
	GlobalSection(ProjectConfigurationPlatforms) = postSolution
		{F848811F-7FAA-4032-A823-52A13252FF25}.Debug|Any CPU.ActiveCfg = Debug|Any CPU
		{F848811F-7FAA-4032-A823-52A13252FF25}.Debug|Any CPU.Build.0 = Debug|Any CPU
		{F848811F-7FAA-4032-A823-52A13252FF25}.Release|Any CPU.ActiveCfg = Release|Any CPU
		{F848811F-7FAA-4032-A823-52A13252FF25}.Release|Any CPU.Build.0 = Release|Any CPU
		{E79B7D91-C0BA-4A3E-A380-E8BE41301E6F}.Debug|Any CPU.ActiveCfg = Debug|Any CPU
		{E79B7D91-C0BA-4A3E-A380-E8BE41301E6F}.Debug|Any CPU.Build.0 = Debug|Any CPU
		{E79B7D91-C0BA-4A3E-A380-E8BE41301E6F}.Release|Any CPU.ActiveCfg = Release|Any CPU
		{E79B7D91-C0BA-4A3E-A380-E8BE41301E6F}.Release|Any CPU.Build.0 = Release|Any CPU
		{784DAA5F-BD57-4CAC-99AF-2A9849706280}.Debug|Any CPU.ActiveCfg = Debug|Any CPU
		{784DAA5F-BD57-4CAC-99AF-2A9849706280}.Debug|Any CPU.Build.0 = Debug|Any CPU
		{784DAA5F-BD57-4CAC-99AF-2A9849706280}.Release|Any CPU.ActiveCfg = Release|Any CPU
		{784DAA5F-BD57-4CAC-99AF-2A9849706280}.Release|Any CPU.Build.0 = Release|Any CPU
		{08F0FAA7-0658-48F4-A6BB-EEFE59383242}.Debug|Any CPU.ActiveCfg = Debug|Any CPU
		{08F0FAA7-0658-48F4-A6BB-EEFE59383242}.Debug|Any CPU.Build.0 = Debug|Any CPU
		{08F0FAA7-0658-48F4-A6BB-EEFE59383242}.Release|Any CPU.ActiveCfg = Release|Any CPU
		{08F0FAA7-0658-48F4-A6BB-EEFE59383242}.Release|Any CPU.Build.0 = Release|Any CPU
	EndGlobalSection
	GlobalSection(SolutionProperties) = preSolution
		HideSolutionNode = FALSE
	EndGlobalSection
	GlobalSection(ExtensibilityGlobals) = postSolution
		SolutionGuid = {317F183C-88B2-4042-A5EB-4E098396134D}
	EndGlobalSection
EndGlobal
